
Microsoft Visual Studio Solution File, Format Version 12.00
# Visual Studio Version 17
VisualStudioVersion = 17.5.002.0
MinimumVisualStudioVersion = 10.0.40219.1
Project("{2150E333-8FDC-42A3-9474-1A3956D46DE8}") = "csharp-prep", "csharp-prep", "{53099C42-B839-4B75-A1AD-DE9EB54CDE49}"
EndProject
Project("{9A19103F-16F7-4668-BE54-9A1E7A4F7556}") = "Prep1", "csharp-prep\Prep1\Prep1.csproj", "{2C2FC03E-24BA-4AE4-B144-CC98AFD73BEE}"
EndProject
Project("{9A19103F-16F7-4668-BE54-9A1E7A4F7556}") = "Prep2", "csharp-prep\Prep2\Prep2.csproj", "{A6A62664-BE51-4652-AD54-3FCC3D552ACB}"
EndProject
Project("{9A19103F-16F7-4668-BE54-9A1E7A4F7556}") = "Prep3", "csharp-prep\Prep3\Prep3.csproj", "{09917E0B-E679-4023-84B7-797D45EEDE99}"
EndProject
Project("{9A19103F-16F7-4668-BE54-9A1E7A4F7556}") = "Prep4", "csharp-prep\Prep4\Prep4.csproj", "{631F856D-7FB1-4151-8806-6594130D1602}"
EndProject
Project("{9A19103F-16F7-4668-BE54-9A1E7A4F7556}") = "Prep5", "csharp-prep\Prep5\Prep5.csproj", "{FE80E344-B162-445E-A7BF-57A124F93385}"
EndProject
Project("{2150E333-8FDC-42A3-9474-1A3956D46DE8}") = "final", "final", "{DA5520DE-20C6-420E-A91E-EC0E185A6DC4}"
EndProject
Project("{9A19103F-16F7-4668-BE54-9A1E7A4F7556}") = "FinalProject", "final\FinalProject\FinalProject.csproj", "{CF5EFF55-3DCC-4135-B0B0-55E3D4B9734F}"
EndProject
Project("{9A19103F-16F7-4668-BE54-9A1E7A4F7556}") = "Foundation1", "final\Foundation1\Foundation1.csproj", "{66C58CE5-6AEA-406F-AE78-F09CA9DD6C1B}"
EndProject
Project("{9A19103F-16F7-4668-BE54-9A1E7A4F7556}") = "Foundation2", "final\Foundation2\Foundation2.csproj", "{1AA6766F-9937-4F1F-A427-2A3BE9ECBC57}"
EndProject
Project("{9A19103F-16F7-4668-BE54-9A1E7A4F7556}") = "Foundation3", "final\Foundation3\Foundation3.csproj", "{1E76C31F-D9E8-4572-8E71-44400519604F}"
EndProject
Project("{9A19103F-16F7-4668-BE54-9A1E7A4F7556}") = "Foundation4", "final\Foundation4\Foundation4.csproj", "{B679A067-10F3-4867-B3B8-42D6CA702C34}"
EndProject
Project("{2150E333-8FDC-42A3-9474-1A3956D46DE8}") = "prepare", "prepare", "{8DAF7998-201E-447B-B380-29C31882516C}"
EndProject
Project("{9A19103F-16F7-4668-BE54-9A1E7A4F7556}") = "Learning02", "prepare\Learning02\Learning02.csproj", "{FA855D23-AF61-44D9-A0E9-FF489B482DA7}"
EndProject
Project("{9A19103F-16F7-4668-BE54-9A1E7A4F7556}") = "Learning03", "prepare\Learning03\Learning03.csproj", "{31017AC4-870F-4ED4-BE52-CCA7E67B9870}"
EndProject
Project("{9A19103F-16F7-4668-BE54-9A1E7A4F7556}") = "Learning04", "prepare\Learning04\Learning04.csproj", "{F67B2B3A-5527-4717-AFD5-7C7789B12C48}"
EndProject
Project("{9A19103F-16F7-4668-BE54-9A1E7A4F7556}") = "Learning05", "prepare\Learning05\Learning05.csproj", "{42818E4C-7C1A-4897-A06E-D4BD11FA0963}"
EndProject
Project("{2150E333-8FDC-42A3-9474-1A3956D46DE8}") = "prove", "prove", "{1D34B276-EFC7-418D-82AB-0B9C7C58A65A}"
EndProject
Project("{9A19103F-16F7-4668-BE54-9A1E7A4F7556}") = "Develop02", "prove\Develop02\Develop02.csproj", "{FC89BC66-DB90-4406-A7F0-D15C0BC9C3C4}"
EndProject
Project("{9A19103F-16F7-4668-BE54-9A1E7A4F7556}") = "Develop03", "prove\Develop03\Develop03.csproj", "{3D266912-4FAD-4B25-A507-BAFBCA30DD6C}"
EndProject
Project("{9A19103F-16F7-4668-BE54-9A1E7A4F7556}") = "Develop04", "prove\Develop04\Develop04.csproj", "{D61CA072-286B-4732-8474-757C34FDABAE}"
EndProject
Project("{9A19103F-16F7-4668-BE54-9A1E7A4F7556}") = "Develop05", "prove\Develop05\Develop05.csproj", "{15A09826-2ADD-420D-BE76-BB6344D36D8D}"
EndProject
Project("{2150E333-8FDC-42A3-9474-1A3956D46DE8}") = "sandbox", "sandbox", "{FB9BA45F-EF38-4CF5-A66F-111C70F37DB4}"
EndProject
Project("{9A19103F-16F7-4668-BE54-9A1E7A4F7556}") = "Sandbox", "sandbox\Sandbox\Sandbox.csproj", "{EEF7BC78-4611-41ED-B802-838B2FDF0D43}"
EndProject
Global
	GlobalSection(SolutionConfigurationPlatforms) = preSolution
		Debug|Any CPU = Debug|Any CPU
		Release|Any CPU = Release|Any CPU
	EndGlobalSection
	GlobalSection(ProjectConfigurationPlatforms) = postSolution
		{2C2FC03E-24BA-4AE4-B144-CC98AFD73BEE}.Debug|Any CPU.ActiveCfg = Debug|Any CPU
		{2C2FC03E-24BA-4AE4-B144-CC98AFD73BEE}.Debug|Any CPU.Build.0 = Debug|Any CPU
		{2C2FC03E-24BA-4AE4-B144-CC98AFD73BEE}.Release|Any CPU.ActiveCfg = Release|Any CPU
		{2C2FC03E-24BA-4AE4-B144-CC98AFD73BEE}.Release|Any CPU.Build.0 = Release|Any CPU
		{A6A62664-BE51-4652-AD54-3FCC3D552ACB}.Debug|Any CPU.ActiveCfg = Debug|Any CPU
		{A6A62664-BE51-4652-AD54-3FCC3D552ACB}.Debug|Any CPU.Build.0 = Debug|Any CPU
		{A6A62664-BE51-4652-AD54-3FCC3D552ACB}.Release|Any CPU.ActiveCfg = Release|Any CPU
		{A6A62664-BE51-4652-AD54-3FCC3D552ACB}.Release|Any CPU.Build.0 = Release|Any CPU
		{09917E0B-E679-4023-84B7-797D45EEDE99}.Debug|Any CPU.ActiveCfg = Debug|Any CPU
		{09917E0B-E679-4023-84B7-797D45EEDE99}.Debug|Any CPU.Build.0 = Debug|Any CPU
		{09917E0B-E679-4023-84B7-797D45EEDE99}.Release|Any CPU.ActiveCfg = Release|Any CPU
		{09917E0B-E679-4023-84B7-797D45EEDE99}.Release|Any CPU.Build.0 = Release|Any CPU
		{631F856D-7FB1-4151-8806-6594130D1602}.Debug|Any CPU.ActiveCfg = Debug|Any CPU
		{631F856D-7FB1-4151-8806-6594130D1602}.Debug|Any CPU.Build.0 = Debug|Any CPU
		{631F856D-7FB1-4151-8806-6594130D1602}.Release|Any CPU.ActiveCfg = Release|Any CPU
		{631F856D-7FB1-4151-8806-6594130D1602}.Release|Any CPU.Build.0 = Release|Any CPU
		{FE80E344-B162-445E-A7BF-57A124F93385}.Debug|Any CPU.ActiveCfg = Debug|Any CPU
		{FE80E344-B162-445E-A7BF-57A124F93385}.Debug|Any CPU.Build.0 = Debug|Any CPU
		{FE80E344-B162-445E-A7BF-57A124F93385}.Release|Any CPU.ActiveCfg = Release|Any CPU
		{FE80E344-B162-445E-A7BF-57A124F93385}.Release|Any CPU.Build.0 = Release|Any CPU
		{CF5EFF55-3DCC-4135-B0B0-55E3D4B9734F}.Debug|Any CPU.ActiveCfg = Debug|Any CPU
		{CF5EFF55-3DCC-4135-B0B0-55E3D4B9734F}.Debug|Any CPU.Build.0 = Debug|Any CPU
		{CF5EFF55-3DCC-4135-B0B0-55E3D4B9734F}.Release|Any CPU.ActiveCfg = Release|Any CPU
		{CF5EFF55-3DCC-4135-B0B0-55E3D4B9734F}.Release|Any CPU.Build.0 = Release|Any CPU
		{66C58CE5-6AEA-406F-AE78-F09CA9DD6C1B}.Debug|Any CPU.ActiveCfg = Debug|Any CPU
		{66C58CE5-6AEA-406F-AE78-F09CA9DD6C1B}.Debug|Any CPU.Build.0 = Debug|Any CPU
		{66C58CE5-6AEA-406F-AE78-F09CA9DD6C1B}.Release|Any CPU.ActiveCfg = Release|Any CPU
		{66C58CE5-6AEA-406F-AE78-F09CA9DD6C1B}.Release|Any CPU.Build.0 = Release|Any CPU
		{1AA6766F-9937-4F1F-A427-2A3BE9ECBC57}.Debug|Any CPU.ActiveCfg = Debug|Any CPU
		{1AA6766F-9937-4F1F-A427-2A3BE9ECBC57}.Debug|Any CPU.Build.0 = Debug|Any CPU
		{1AA6766F-9937-4F1F-A427-2A3BE9ECBC57}.Release|Any CPU.ActiveCfg = Release|Any CPU
		{1AA6766F-9937-4F1F-A427-2A3BE9ECBC57}.Release|Any CPU.Build.0 = Release|Any CPU
		{1E76C31F-D9E8-4572-8E71-44400519604F}.Debug|Any CPU.ActiveCfg = Debug|Any CPU
		{1E76C31F-D9E8-4572-8E71-44400519604F}.Debug|Any CPU.Build.0 = Debug|Any CPU
		{1E76C31F-D9E8-4572-8E71-44400519604F}.Release|Any CPU.ActiveCfg = Release|Any CPU
		{1E76C31F-D9E8-4572-8E71-44400519604F}.Release|Any CPU.Build.0 = Release|Any CPU
		{B679A067-10F3-4867-B3B8-42D6CA702C34}.Debug|Any CPU.ActiveCfg = Debug|Any CPU
		{B679A067-10F3-4867-B3B8-42D6CA702C34}.Debug|Any CPU.Build.0 = Debug|Any CPU
		{B679A067-10F3-4867-B3B8-42D6CA702C34}.Release|Any CPU.ActiveCfg = Release|Any CPU
		{B679A067-10F3-4867-B3B8-42D6CA702C34}.Release|Any CPU.Build.0 = Release|Any CPU
		{FA855D23-AF61-44D9-A0E9-FF489B482DA7}.Debug|Any CPU.ActiveCfg = Debug|Any CPU
		{FA855D23-AF61-44D9-A0E9-FF489B482DA7}.Debug|Any CPU.Build.0 = Debug|Any CPU
		{FA855D23-AF61-44D9-A0E9-FF489B482DA7}.Release|Any CPU.ActiveCfg = Release|Any CPU
		{FA855D23-AF61-44D9-A0E9-FF489B482DA7}.Release|Any CPU.Build.0 = Release|Any CPU
		{31017AC4-870F-4ED4-BE52-CCA7E67B9870}.Debug|Any CPU.ActiveCfg = Debug|Any CPU
		{31017AC4-870F-4ED4-BE52-CCA7E67B9870}.Debug|Any CPU.Build.0 = Debug|Any CPU
		{31017AC4-870F-4ED4-BE52-CCA7E67B9870}.Release|Any CPU.ActiveCfg = Release|Any CPU
		{31017AC4-870F-4ED4-BE52-CCA7E67B9870}.Release|Any CPU.Build.0 = Release|Any CPU
		{F67B2B3A-5527-4717-AFD5-7C7789B12C48}.Debug|Any CPU.ActiveCfg = Debug|Any CPU
		{F67B2B3A-5527-4717-AFD5-7C7789B12C48}.Debug|Any CPU.Build.0 = Debug|Any CPU
		{F67B2B3A-5527-4717-AFD5-7C7789B12C48}.Release|Any CPU.ActiveCfg = Release|Any CPU
		{F67B2B3A-5527-4717-AFD5-7C7789B12C48}.Release|Any CPU.Build.0 = Release|Any CPU
		{42818E4C-7C1A-4897-A06E-D4BD11FA0963}.Debug|Any CPU.ActiveCfg = Debug|Any CPU
		{42818E4C-7C1A-4897-A06E-D4BD11FA0963}.Debug|Any CPU.Build.0 = Debug|Any CPU
		{42818E4C-7C1A-4897-A06E-D4BD11FA0963}.Release|Any CPU.ActiveCfg = Release|Any CPU
		{42818E4C-7C1A-4897-A06E-D4BD11FA0963}.Release|Any CPU.Build.0 = Release|Any CPU
		{FC89BC66-DB90-4406-A7F0-D15C0BC9C3C4}.Debug|Any CPU.ActiveCfg = Debug|Any CPU
		{FC89BC66-DB90-4406-A7F0-D15C0BC9C3C4}.Debug|Any CPU.Build.0 = Debug|Any CPU
		{FC89BC66-DB90-4406-A7F0-D15C0BC9C3C4}.Release|Any CPU.ActiveCfg = Release|Any CPU
		{FC89BC66-DB90-4406-A7F0-D15C0BC9C3C4}.Release|Any CPU.Build.0 = Release|Any CPU
		{3D266912-4FAD-4B25-A507-BAFBCA30DD6C}.Debug|Any CPU.ActiveCfg = Debug|Any CPU
		{3D266912-4FAD-4B25-A507-BAFBCA30DD6C}.Debug|Any CPU.Build.0 = Debug|Any CPU
		{3D266912-4FAD-4B25-A507-BAFBCA30DD6C}.Release|Any CPU.ActiveCfg = Release|Any CPU
		{3D266912-4FAD-4B25-A507-BAFBCA30DD6C}.Release|Any CPU.Build.0 = Release|Any CPU
		{D61CA072-286B-4732-8474-757C34FDABAE}.Debug|Any CPU.ActiveCfg = Debug|Any CPU
		{D61CA072-286B-4732-8474-757C34FDABAE}.Debug|Any CPU.Build.0 = Debug|Any CPU
		{D61CA072-286B-4732-8474-757C34FDABAE}.Release|Any CPU.ActiveCfg = Release|Any CPU
		{D61CA072-286B-4732-8474-757C34FDABAE}.Release|Any CPU.Build.0 = Release|Any CPU
		{15A09826-2ADD-420D-BE76-BB6344D36D8D}.Debug|Any CPU.ActiveCfg = Debug|Any CPU
		{15A09826-2ADD-420D-BE76-BB6344D36D8D}.Debug|Any CPU.Build.0 = Debug|Any CPU
		{15A09826-2ADD-420D-BE76-BB6344D36D8D}.Release|Any CPU.ActiveCfg = Release|Any CPU
		{15A09826-2ADD-420D-BE76-BB6344D36D8D}.Release|Any CPU.Build.0 = Release|Any CPU
		{EEF7BC78-4611-41ED-B802-838B2FDF0D43}.Debug|Any CPU.ActiveCfg = Debug|Any CPU
		{EEF7BC78-4611-41ED-B802-838B2FDF0D43}.Debug|Any CPU.Build.0 = Debug|Any CPU
		{EEF7BC78-4611-41ED-B802-838B2FDF0D43}.Release|Any CPU.ActiveCfg = Release|Any CPU
		{EEF7BC78-4611-41ED-B802-838B2FDF0D43}.Release|Any CPU.Build.0 = Release|Any CPU
	EndGlobalSection
	GlobalSection(SolutionProperties) = preSolution
		HideSolutionNode = FALSE
	EndGlobalSection
	GlobalSection(NestedProjects) = preSolution
		{2C2FC03E-24BA-4AE4-B144-CC98AFD73BEE} = {53099C42-B839-4B75-A1AD-DE9EB54CDE49}
		{A6A62664-BE51-4652-AD54-3FCC3D552ACB} = {53099C42-B839-4B75-A1AD-DE9EB54CDE49}
		{09917E0B-E679-4023-84B7-797D45EEDE99} = {53099C42-B839-4B75-A1AD-DE9EB54CDE49}
		{631F856D-7FB1-4151-8806-6594130D1602} = {53099C42-B839-4B75-A1AD-DE9EB54CDE49}
		{FE80E344-B162-445E-A7BF-57A124F93385} = {53099C42-B839-4B75-A1AD-DE9EB54CDE49}
		{CF5EFF55-3DCC-4135-B0B0-55E3D4B9734F} = {DA5520DE-20C6-420E-A91E-EC0E185A6DC4}
		{66C58CE5-6AEA-406F-AE78-F09CA9DD6C1B} = {DA5520DE-20C6-420E-A91E-EC0E185A6DC4}
		{1AA6766F-9937-4F1F-A427-2A3BE9ECBC57} = {DA5520DE-20C6-420E-A91E-EC0E185A6DC4}
		{1E76C31F-D9E8-4572-8E71-44400519604F} = {DA5520DE-20C6-420E-A91E-EC0E185A6DC4}
		{B679A067-10F3-4867-B3B8-42D6CA702C34} = {DA5520DE-20C6-420E-A91E-EC0E185A6DC4}
		{FA855D23-AF61-44D9-A0E9-FF489B482DA7} = {8DAF7998-201E-447B-B380-29C31882516C}
		{31017AC4-870F-4ED4-BE52-CCA7E67B9870} = {8DAF7998-201E-447B-B380-29C31882516C}
		{F67B2B3A-5527-4717-AFD5-7C7789B12C48} = {8DAF7998-201E-447B-B380-29C31882516C}
		{42818E4C-7C1A-4897-A06E-D4BD11FA0963} = {8DAF7998-201E-447B-B380-29C31882516C}
		{FC89BC66-DB90-4406-A7F0-D15C0BC9C3C4} = {1D34B276-EFC7-418D-82AB-0B9C7C58A65A}
		{3D266912-4FAD-4B25-A507-BAFBCA30DD6C} = {1D34B276-EFC7-418D-82AB-0B9C7C58A65A}
		{D61CA072-286B-4732-8474-757C34FDABAE} = {1D34B276-EFC7-418D-82AB-0B9C7C58A65A}
		{15A09826-2ADD-420D-BE76-BB6344D36D8D} = {1D34B276-EFC7-418D-82AB-0B9C7C58A65A}
		{EEF7BC78-4611-41ED-B802-838B2FDF0D43} = {FB9BA45F-EF38-4CF5-A66F-111C70F37DB4}
	EndGlobalSection
	GlobalSection(ExtensibilityGlobals) = postSolution
		SolutionGuid = {FB5A1DA4-80CA-4FAC-BE63-085C5DFE74DE}
	EndGlobalSection
EndGlobal
